{
  "object": {
    "pins": [
      {
        "package": "PeakPivot",
        "repositoryURL": "/Users/lukestringer/Dropbox/Developer/PeakPivot",
        "state": {
          "branch": "main",
          "revision": "05b498b6746b563034e3c3324d9fa826bfb8aa20",
          "version": null
        }
      },
      {
        "package": "SwiftCSV",
        "repositoryURL": "git@github.com:swiftcsv/SwiftCSV.git",
        "state": {
          "branch": null,
          "revision": "ad2042d0ba2ea260246b0e1b1d5710cbc53e2836",
          "version": "0.6.0"
        }
      }
    ]
  },
  "version": 1
}
