{
  "object": {
    "pins": [
      {
        "package": "PeakPivot",
        "repositoryURL": "/Users/lukestringer/Dropbox/Developer/PeakPivot",
        "state": {
          "branch": "main",
          "revision": "2555cf77028f5f8e6ed1c8c88b73db3d79097ab9",
          "version": null
        }
      },
      {
        "package": "SwiftCSV",
        "repositoryURL": "git@github.com:swiftcsv/SwiftCSV.git",
        "state": {
          "branch": null,
          "revision": "ad2042d0ba2ea260246b0e1b1d5710cbc53e2836",
          "version": "0.6.0"
        }
      }
    ]
  },
  "version": 1
}
