// !$*UTF8*$!
{
	archiveVersion = 1;
	classes = {
	};
	objectVersion = 52;
	objects = {

/* Begin PBXBuildFile section */
		F59987C425935E410041EC9D /* PeakPivot in Frameworks */ = {isa = PBXBuildFile; productRef = F59987C325935E410041EC9D /* PeakPivot */; };
		F59987C925935E9B0041EC9D /* FieldSelectionViewController.swift in Sources */ = {isa = PBXBuildFile; fileRef = F59987C825935E9B0041EC9D /* FieldSelectionViewController.swift */; };
		F59987D525935F0A0041EC9D /* SwiftCSV in Frameworks */ = {isa = PBXBuildFile; productRef = F59987D425935F0A0041EC9D /* SwiftCSV */; };
		F59987DB259363BD0041EC9D /* PivotViewController.swift in Sources */ = {isa = PBXBuildFile; fileRef = F59987DA259363BD0041EC9D /* PivotViewController.swift */; };
		F59987E1259364FE0041EC9D /* FieldValueCell.swift in Sources */ = {isa = PBXBuildFile; fileRef = F59987DE259364FE0041EC9D /* FieldValueCell.swift */; };
		F59987E2259364FE0041EC9D /* PivotTableViewCell.swift in Sources */ = {isa = PBXBuildFile; fileRef = F59987DF259364FE0041EC9D /* PivotTableViewCell.swift */; };
		F59987E3259364FE0041EC9D /* FieldNameHeaderCell.swift in Sources */ = {isa = PBXBuildFile; fileRef = F59987E0259364FE0041EC9D /* FieldNameHeaderCell.swift */; };
		F59987F7259367880041EC9D /* Main.storyboard in Resources */ = {isa = PBXBuildFile; fileRef = F59987F6259367880041EC9D /* Main.storyboard */; };
		F59987FF259367CA0041EC9D /* AppDelegate.swift in Sources */ = {isa = PBXBuildFile; fileRef = F59987FE259367CA0041EC9D /* AppDelegate.swift */; };
		F599880F25937D010041EC9D /* people.csv in Resources */ = {isa = PBXBuildFile; fileRef = F599880E25937D010041EC9D /* people.csv */; };
		F599882025937F180041EC9D /* ConfigViewController.swift in Sources */ = {isa = PBXBuildFile; fileRef = F599881B25937F180041EC9D /* ConfigViewController.swift */; };
		F599882125937F180041EC9D /* OptionsViewController.swift in Sources */ = {isa = PBXBuildFile; fileRef = F599881C25937F180041EC9D /* OptionsViewController.swift */; };
		F599882225937F180041EC9D /* FilterViewController+Logic.swift in Sources */ = {isa = PBXBuildFile; fileRef = F599881D25937F180041EC9D /* FilterViewController+Logic.swift */; };
		F599882325937F180041EC9D /* SortViewController.swift in Sources */ = {isa = PBXBuildFile; fileRef = F599881E25937F180041EC9D /* SortViewController.swift */; };
		F599882425937F180041EC9D /* FilterViewController.swift in Sources */ = {isa = PBXBuildFile; fileRef = F599881F25937F180041EC9D /* FilterViewController.swift */; };
		F59A866B25924A5700D65CAC /* Assets.xcassets in Resources */ = {isa = PBXBuildFile; fileRef = F59A865625924A5700D65CAC /* Assets.xcassets */; };
		F59A866C25924A5700D65CAC /* Assets.xcassets in Resources */ = {isa = PBXBuildFile; fileRef = F59A865625924A5700D65CAC /* Assets.xcassets */; };
/* End PBXBuildFile section */

/* Begin PBXFileReference section */
		F59987C825935E9B0041EC9D /* FieldSelectionViewController.swift */ = {isa = PBXFileReference; fileEncoding = 4; lastKnownFileType = sourcecode.swift; path = FieldSelectionViewController.swift; sourceTree = "<group>"; };
		F59987DA259363BD0041EC9D /* PivotViewController.swift */ = {isa = PBXFileReference; fileEncoding = 4; lastKnownFileType = sourcecode.swift; path = PivotViewController.swift; sourceTree = "<group>"; };
		F59987DE259364FE0041EC9D /* FieldValueCell.swift */ = {isa = PBXFileReference; fileEncoding = 4; lastKnownFileType = sourcecode.swift; path = FieldValueCell.swift; sourceTree = "<group>"; };
		F59987DF259364FE0041EC9D /* PivotTableViewCell.swift */ = {isa = PBXFileReference; fileEncoding = 4; lastKnownFileType = sourcecode.swift; path = PivotTableViewCell.swift; sourceTree = "<group>"; };
		F59987E0259364FE0041EC9D /* FieldNameHeaderCell.swift */ = {isa = PBXFileReference; fileEncoding = 4; lastKnownFileType = sourcecode.swift; path = FieldNameHeaderCell.swift; sourceTree = "<group>"; };
		F59987F6259367880041EC9D /* Main.storyboard */ = {isa = PBXFileReference; fileEncoding = 4; lastKnownFileType = file.storyboard; path = Main.storyboard; sourceTree = "<group>"; };
		F59987FE259367CA0041EC9D /* AppDelegate.swift */ = {isa = PBXFileReference; lastKnownFileType = sourcecode.swift; path = AppDelegate.swift; sourceTree = "<group>"; };
		F599880E25937D010041EC9D /* people.csv */ = {isa = PBXFileReference; fileEncoding = 4; lastKnownFileType = text; name = people.csv; path = "../../../../../Library/Developer/Xcode/DerivedData/PeakPivot_Example-edwrsuvhjvvvbdbtflqvzcqjwhrx/SourcePackages/checkouts/PeakPivot/Tests/Resources/people.csv"; sourceTree = "<group>"; };
		F599881B25937F180041EC9D /* ConfigViewController.swift */ = {isa = PBXFileReference; fileEncoding = 4; lastKnownFileType = sourcecode.swift; path = ConfigViewController.swift; sourceTree = "<group>"; };
		F599881C25937F180041EC9D /* OptionsViewController.swift */ = {isa = PBXFileReference; fileEncoding = 4; lastKnownFileType = sourcecode.swift; path = OptionsViewController.swift; sourceTree = "<group>"; };
		F599881D25937F180041EC9D /* FilterViewController+Logic.swift */ = {isa = PBXFileReference; fileEncoding = 4; lastKnownFileType = sourcecode.swift; path = "FilterViewController+Logic.swift"; sourceTree = "<group>"; };
		F599881E25937F180041EC9D /* SortViewController.swift */ = {isa = PBXFileReference; fileEncoding = 4; lastKnownFileType = sourcecode.swift; path = SortViewController.swift; sourceTree = "<group>"; };
		F599881F25937F180041EC9D /* FilterViewController.swift */ = {isa = PBXFileReference; fileEncoding = 4; lastKnownFileType = sourcecode.swift; path = FilterViewController.swift; sourceTree = "<group>"; };
		F59A865625924A5700D65CAC /* Assets.xcassets */ = {isa = PBXFileReference; lastKnownFileType = folder.assetcatalog; path = Assets.xcassets; sourceTree = "<group>"; };
		F59A865B25924A5700D65CAC /* PeakPivot Example.app */ = {isa = PBXFileReference; explicitFileType = wrapper.application; includeInIndex = 0; path = "PeakPivot Example.app"; sourceTree = BUILT_PRODUCTS_DIR; };
		F59A865E25924A5700D65CAC /* Info.plist */ = {isa = PBXFileReference; lastKnownFileType = text.plist.xml; path = Info.plist; sourceTree = "<group>"; };
		F59A866325924A5700D65CAC /* PeakPivot Example.app */ = {isa = PBXFileReference; explicitFileType = wrapper.application; includeInIndex = 0; path = "PeakPivot Example.app"; sourceTree = BUILT_PRODUCTS_DIR; };
		F59A866525924A5700D65CAC /* Info.plist */ = {isa = PBXFileReference; lastKnownFileType = text.plist.xml; path = Info.plist; sourceTree = "<group>"; };
		F59A866625924A5700D65CAC /* macOS.entitlements */ = {isa = PBXFileReference; lastKnownFileType = text.plist.entitlements; path = macOS.entitlements; sourceTree = "<group>"; };
/* End PBXFileReference section */

/* Begin PBXFrameworksBuildPhase section */
		F59A865825924A5700D65CAC /* Frameworks */ = {
			isa = PBXFrameworksBuildPhase;
			buildActionMask = 2147483647;
			files = (
				F59987C425935E410041EC9D /* PeakPivot in Frameworks */,
				F59987D525935F0A0041EC9D /* SwiftCSV in Frameworks */,
			);
			runOnlyForDeploymentPostprocessing = 0;
		};
		F59A866025924A5700D65CAC /* Frameworks */ = {
			isa = PBXFrameworksBuildPhase;
			buildActionMask = 2147483647;
			files = (
			);
			runOnlyForDeploymentPostprocessing = 0;
		};
/* End PBXFrameworksBuildPhase section */

/* Begin PBXGroup section */
		F599881A25937F180041EC9D /* Options */ = {
			isa = PBXGroup;
			children = (
				F599881B25937F180041EC9D /* ConfigViewController.swift */,
				F599881C25937F180041EC9D /* OptionsViewController.swift */,
				F599881D25937F180041EC9D /* FilterViewController+Logic.swift */,
				F599881E25937F180041EC9D /* SortViewController.swift */,
				F599881F25937F180041EC9D /* FilterViewController.swift */,
			);
			path = Options;
			sourceTree = "<group>";
		};
		F599882B259383A40041EC9D /* Views */ = {
			isa = PBXGroup;
			children = (
				F59987E0259364FE0041EC9D /* FieldNameHeaderCell.swift */,
				F59987DE259364FE0041EC9D /* FieldValueCell.swift */,
				F59987DF259364FE0041EC9D /* PivotTableViewCell.swift */,
			);
			path = Views;
			sourceTree = "<group>";
		};
		F599882E259383AC0041EC9D /* View Controllers */ = {
			isa = PBXGroup;
			children = (
				F59987C825935E9B0041EC9D /* FieldSelectionViewController.swift */,
				F59987DA259363BD0041EC9D /* PivotViewController.swift */,
				F599881A25937F180041EC9D /* Options */,
			);
			path = "View Controllers";
			sourceTree = "<group>";
		};
		F59A864E25924A5600D65CAC = {
			isa = PBXGroup;
			children = (
				F59A865325924A5600D65CAC /* Shared */,
				F59A865D25924A5700D65CAC /* iOS */,
				F59A866425924A5700D65CAC /* macOS */,
				F59A865C25924A5700D65CAC /* Products */,
			);
			sourceTree = "<group>";
		};
		F59A865325924A5600D65CAC /* Shared */ = {
			isa = PBXGroup;
			children = (
				F59A865625924A5700D65CAC /* Assets.xcassets */,
			);
			path = Shared;
			sourceTree = "<group>";
		};
		F59A865C25924A5700D65CAC /* Products */ = {
			isa = PBXGroup;
			children = (
				F59A865B25924A5700D65CAC /* PeakPivot Example.app */,
				F59A866325924A5700D65CAC /* PeakPivot Example.app */,
			);
			name = Products;
			sourceTree = "<group>";
		};
		F59A865D25924A5700D65CAC /* iOS */ = {
			isa = PBXGroup;
			children = (
				F599882E259383AC0041EC9D /* View Controllers */,
				F59987FE259367CA0041EC9D /* AppDelegate.swift */,
				F599882B259383A40041EC9D /* Views */,
				F59987F6259367880041EC9D /* Main.storyboard */,
				F599880E25937D010041EC9D /* people.csv */,
				F59A865E25924A5700D65CAC /* Info.plist */,
			);
			path = iOS;
			sourceTree = "<group>";
		};
		F59A866425924A5700D65CAC /* macOS */ = {
			isa = PBXGroup;
			children = (
				F59A866525924A5700D65CAC /* Info.plist */,
				F59A866625924A5700D65CAC /* macOS.entitlements */,
			);
			path = macOS;
			sourceTree = "<group>";
		};
/* End PBXGroup section */

/* Begin PBXNativeTarget section */
		F59A865A25924A5700D65CAC /* PeakPivot Example (iOS) */ = {
			isa = PBXNativeTarget;
			buildConfigurationList = F59A866F25924A5700D65CAC /* Build configuration list for PBXNativeTarget "PeakPivot Example (iOS)" */;
			buildPhases = (
				F59A865725924A5700D65CAC /* Sources */,
				F59A865825924A5700D65CAC /* Frameworks */,
				F59A865925924A5700D65CAC /* Resources */,
			);
			buildRules = (
			);
			dependencies = (
			);
			name = "PeakPivot Example (iOS)";
			packageProductDependencies = (
				F59987C325935E410041EC9D /* PeakPivot */,
				F59987D425935F0A0041EC9D /* SwiftCSV */,
			);
			productName = "PeakPivot Example (iOS)";
			productReference = F59A865B25924A5700D65CAC /* PeakPivot Example.app */;
			productType = "com.apple.product-type.application";
		};
		F59A866225924A5700D65CAC /* PeakPivot Example (macOS) */ = {
			isa = PBXNativeTarget;
			buildConfigurationList = F59A867225924A5700D65CAC /* Build configuration list for PBXNativeTarget "PeakPivot Example (macOS)" */;
			buildPhases = (
				F59A865F25924A5700D65CAC /* Sources */,
				F59A866025924A5700D65CAC /* Frameworks */,
				F59A866125924A5700D65CAC /* Resources */,
			);
			buildRules = (
			);
			dependencies = (
			);
			name = "PeakPivot Example (macOS)";
			productName = "PeakPivot Example (macOS)";
			productReference = F59A866325924A5700D65CAC /* PeakPivot Example.app */;
			productType = "com.apple.product-type.application";
		};
/* End PBXNativeTarget section */

/* Begin PBXProject section */
		F59A864F25924A5600D65CAC /* Project object */ = {
			isa = PBXProject;
			attributes = {
				LastSwiftUpdateCheck = 1230;
				LastUpgradeCheck = 1230;
				TargetAttributes = {
					F59A865A25924A5700D65CAC = {
						CreatedOnToolsVersion = 12.3;
					};
					F59A866225924A5700D65CAC = {
						CreatedOnToolsVersion = 12.3;
					};
				};
			};
			buildConfigurationList = F59A865225924A5600D65CAC /* Build configuration list for PBXProject "PeakPivot Example" */;
			compatibilityVersion = "Xcode 9.3";
			developmentRegion = en;
			hasScannedForEncodings = 0;
			knownRegions = (
				en,
				Base,
			);
			mainGroup = F59A864E25924A5600D65CAC;
			packageReferences = (
				F59987C225935E410041EC9D /* XCRemoteSwiftPackageReference "." */,
				F59987D325935F0A0041EC9D /* XCRemoteSwiftPackageReference "SwiftCSV" */,
			);
			productRefGroup = F59A865C25924A5700D65CAC /* Products */;
			projectDirPath = "";
			projectRoot = "";
			targets = (
				F59A865A25924A5700D65CAC /* PeakPivot Example (iOS) */,
				F59A866225924A5700D65CAC /* PeakPivot Example (macOS) */,
			);
		};
/* End PBXProject section */

/* Begin PBXResourcesBuildPhase section */
		F59A865925924A5700D65CAC /* Resources */ = {
			isa = PBXResourcesBuildPhase;
			buildActionMask = 2147483647;
			files = (
				F599880F25937D010041EC9D /* people.csv in Resources */,
				F59A866B25924A5700D65CAC /* Assets.xcassets in Resources */,
				F59987F7259367880041EC9D /* Main.storyboard in Resources */,
			);
			runOnlyForDeploymentPostprocessing = 0;
		};
		F59A866125924A5700D65CAC /* Resources */ = {
			isa = PBXResourcesBuildPhase;
			buildActionMask = 2147483647;
			files = (
				F59A866C25924A5700D65CAC /* Assets.xcassets in Resources */,
			);
			runOnlyForDeploymentPostprocessing = 0;
		};
/* End PBXResourcesBuildPhase section */

/* Begin PBXSourcesBuildPhase section */
		F59A865725924A5700D65CAC /* Sources */ = {
			isa = PBXSourcesBuildPhase;
			buildActionMask = 2147483647;
			files = (
				F599882325937F180041EC9D /* SortViewController.swift in Sources */,
				F59987FF259367CA0041EC9D /* AppDelegate.swift in Sources */,
				F599882125937F180041EC9D /* OptionsViewController.swift in Sources */,
				F599882225937F180041EC9D /* FilterViewController+Logic.swift in Sources */,
				F59987E1259364FE0041EC9D /* FieldValueCell.swift in Sources */,
				F599882425937F180041EC9D /* FilterViewController.swift in Sources */,
				F59987C925935E9B0041EC9D /* FieldSelectionViewController.swift in Sources */,
				F59987E3259364FE0041EC9D /* FieldNameHeaderCell.swift in Sources */,
				F599882025937F180041EC9D /* ConfigViewController.swift in Sources */,
				F59987E2259364FE0041EC9D /* PivotTableViewCell.swift in Sources */,
				F59987DB259363BD0041EC9D /* PivotViewController.swift in Sources */,
			);
			runOnlyForDeploymentPostprocessing = 0;
		};
		F59A865F25924A5700D65CAC /* Sources */ = {
			isa = PBXSourcesBuildPhase;
			buildActionMask = 2147483647;
			files = (
			);
			runOnlyForDeploymentPostprocessing = 0;
		};
/* End PBXSourcesBuildPhase section */

/* Begin XCBuildConfiguration section */
		F59A866D25924A5700D65CAC /* Debug */ = {
			isa = XCBuildConfiguration;
			buildSettings = {
				ALWAYS_SEARCH_USER_PATHS = NO;
				CLANG_ANALYZER_NONNULL = YES;
				CLANG_ANALYZER_NUMBER_OBJECT_CONVERSION = YES_AGGRESSIVE;
				CLANG_CXX_LANGUAGE_STANDARD = "gnu++14";
				CLANG_CXX_LIBRARY = "libc++";
				CLANG_ENABLE_MODULES = YES;
				CLANG_ENABLE_OBJC_ARC = YES;
				CLANG_ENABLE_OBJC_WEAK = YES;
				CLANG_WARN_BLOCK_CAPTURE_AUTORELEASING = YES;
				CLANG_WARN_BOOL_CONVERSION = YES;
				CLANG_WARN_COMMA = YES;
				CLANG_WARN_CONSTANT_CONVERSION = YES;
				CLANG_WARN_DEPRECATED_OBJC_IMPLEMENTATIONS = YES;
				CLANG_WARN_DIRECT_OBJC_ISA_USAGE = YES_ERROR;
				CLANG_WARN_DOCUMENTATION_COMMENTS = YES;
				CLANG_WARN_EMPTY_BODY = YES;
				CLANG_WARN_ENUM_CONVERSION = YES;
				CLANG_WARN_INFINITE_RECURSION = YES;
				CLANG_WARN_INT_CONVERSION = YES;
				CLANG_WARN_NON_LITERAL_NULL_CONVERSION = YES;
				CLANG_WARN_OBJC_IMPLICIT_RETAIN_SELF = YES;
				CLANG_WARN_OBJC_LITERAL_CONVERSION = YES;
				CLANG_WARN_OBJC_ROOT_CLASS = YES_ERROR;
				CLANG_WARN_QUOTED_INCLUDE_IN_FRAMEWORK_HEADER = YES;
				CLANG_WARN_RANGE_LOOP_ANALYSIS = YES;
				CLANG_WARN_STRICT_PROTOTYPES = YES;
				CLANG_WARN_SUSPICIOUS_MOVE = YES;
				CLANG_WARN_UNGUARDED_AVAILABILITY = YES_AGGRESSIVE;
				CLANG_WARN_UNREACHABLE_CODE = YES;
				CLANG_WARN__DUPLICATE_METHOD_MATCH = YES;
				COPY_PHASE_STRIP = NO;
				DEBUG_INFORMATION_FORMAT = dwarf;
				ENABLE_STRICT_OBJC_MSGSEND = YES;
				ENABLE_TESTABILITY = YES;
				GCC_C_LANGUAGE_STANDARD = gnu11;
				GCC_DYNAMIC_NO_PIC = NO;
				GCC_NO_COMMON_BLOCKS = YES;
				GCC_OPTIMIZATION_LEVEL = 0;
				GCC_PREPROCESSOR_DEFINITIONS = (
					"DEBUG=1",
					"$(inherited)",
				);
				GCC_WARN_64_TO_32_BIT_CONVERSION = YES;
				GCC_WARN_ABOUT_RETURN_TYPE = YES_ERROR;
				GCC_WARN_UNDECLARED_SELECTOR = YES;
				GCC_WARN_UNINITIALIZED_AUTOS = YES_AGGRESSIVE;
				GCC_WARN_UNUSED_FUNCTION = YES;
				GCC_WARN_UNUSED_VARIABLE = YES;
				MTL_ENABLE_DEBUG_INFO = INCLUDE_SOURCE;
				MTL_FAST_MATH = YES;
				ONLY_ACTIVE_ARCH = YES;
				SWIFT_ACTIVE_COMPILATION_CONDITIONS = DEBUG;
				SWIFT_OPTIMIZATION_LEVEL = "-Onone";
			};
			name = Debug;
		};
		F59A866E25924A5700D65CAC /* Release */ = {
			isa = XCBuildConfiguration;
			buildSettings = {
				ALWAYS_SEARCH_USER_PATHS = NO;
				CLANG_ANALYZER_NONNULL = YES;
				CLANG_ANALYZER_NUMBER_OBJECT_CONVERSION = YES_AGGRESSIVE;
				CLANG_CXX_LANGUAGE_STANDARD = "gnu++14";
				CLANG_CXX_LIBRARY = "libc++";
				CLANG_ENABLE_MODULES = YES;
				CLANG_ENABLE_OBJC_ARC = YES;
				CLANG_ENABLE_OBJC_WEAK = YES;
				CLANG_WARN_BLOCK_CAPTURE_AUTORELEASING = YES;
				CLANG_WARN_BOOL_CONVERSION = YES;
				CLANG_WARN_COMMA = YES;
				CLANG_WARN_CONSTANT_CONVERSION = YES;
				CLANG_WARN_DEPRECATED_OBJC_IMPLEMENTATIONS = YES;
				CLANG_WARN_DIRECT_OBJC_ISA_USAGE = YES_ERROR;
				CLANG_WARN_DOCUMENTATION_COMMENTS = YES;
				CLANG_WARN_EMPTY_BODY = YES;
				CLANG_WARN_ENUM_CONVERSION = YES;
				CLANG_WARN_INFINITE_RECURSION = YES;
				CLANG_WARN_INT_CONVERSION = YES;
				CLANG_WARN_NON_LITERAL_NULL_CONVERSION = YES;
				CLANG_WARN_OBJC_IMPLICIT_RETAIN_SELF = YES;
				CLANG_WARN_OBJC_LITERAL_CONVERSION = YES;
				CLANG_WARN_OBJC_ROOT_CLASS = YES_ERROR;
				CLANG_WARN_QUOTED_INCLUDE_IN_FRAMEWORK_HEADER = YES;
				CLANG_WARN_RANGE_LOOP_ANALYSIS = YES;
				CLANG_WARN_STRICT_PROTOTYPES = YES;
				CLANG_WARN_SUSPICIOUS_MOVE = YES;
				CLANG_WARN_UNGUARDED_AVAILABILITY = YES_AGGRESSIVE;
				CLANG_WARN_UNREACHABLE_CODE = YES;
				CLANG_WARN__DUPLICATE_METHOD_MATCH = YES;
				COPY_PHASE_STRIP = NO;
				DEBUG_INFORMATION_FORMAT = "dwarf-with-dsym";
				ENABLE_NS_ASSERTIONS = NO;
				ENABLE_STRICT_OBJC_MSGSEND = YES;
				GCC_C_LANGUAGE_STANDARD = gnu11;
				GCC_NO_COMMON_BLOCKS = YES;
				GCC_WARN_64_TO_32_BIT_CONVERSION = YES;
				GCC_WARN_ABOUT_RETURN_TYPE = YES_ERROR;
				GCC_WARN_UNDECLARED_SELECTOR = YES;
				GCC_WARN_UNINITIALIZED_AUTOS = YES_AGGRESSIVE;
				GCC_WARN_UNUSED_FUNCTION = YES;
				GCC_WARN_UNUSED_VARIABLE = YES;
				MTL_ENABLE_DEBUG_INFO = NO;
				MTL_FAST_MATH = YES;
				SWIFT_COMPILATION_MODE = wholemodule;
				SWIFT_OPTIMIZATION_LEVEL = "-O";
			};
			name = Release;
		};
		F59A867025924A5700D65CAC /* Debug */ = {
			isa = XCBuildConfiguration;
			buildSettings = {
				ASSETCATALOG_COMPILER_APPICON_NAME = AppIcon;
				ASSETCATALOG_COMPILER_GLOBAL_ACCENT_COLOR_NAME = AccentColor;
				CODE_SIGN_STYLE = Automatic;
				DEVELOPMENT_TEAM = C7F3D3W6BZ;
				ENABLE_PREVIEWS = YES;
				INFOPLIST_FILE = iOS/Info.plist;
				IPHONEOS_DEPLOYMENT_TARGET = 14.0;
				LD_RUNPATH_SEARCH_PATHS = (
					"$(inherited)",
					"@executable_path/Frameworks",
				);
				PRODUCT_BUNDLE_IDENTIFIER = "com.3squared.PeakPivot-Example";
				PRODUCT_NAME = "PeakPivot Example";
				SDKROOT = iphoneos;
				SWIFT_VERSION = 5.0;
				TARGETED_DEVICE_FAMILY = "1,2";
			};
			name = Debug;
		};
		F59A867125924A5700D65CAC /* Release */ = {
			isa = XCBuildConfiguration;
			buildSettings = {
				ASSETCATALOG_COMPILER_APPICON_NAME = AppIcon;
				ASSETCATALOG_COMPILER_GLOBAL_ACCENT_COLOR_NAME = AccentColor;
				CODE_SIGN_STYLE = Automatic;
				DEVELOPMENT_TEAM = C7F3D3W6BZ;
				ENABLE_PREVIEWS = YES;
				INFOPLIST_FILE = iOS/Info.plist;
				IPHONEOS_DEPLOYMENT_TARGET = 14.0;
				LD_RUNPATH_SEARCH_PATHS = (
					"$(inherited)",
					"@executable_path/Frameworks",
				);
				PRODUCT_BUNDLE_IDENTIFIER = "com.3squared.PeakPivot-Example";
				PRODUCT_NAME = "PeakPivot Example";
				SDKROOT = iphoneos;
				SWIFT_VERSION = 5.0;
				TARGETED_DEVICE_FAMILY = "1,2";
				VALIDATE_PRODUCT = YES;
			};
			name = Release;
		};
		F59A867325924A5700D65CAC /* Debug */ = {
			isa = XCBuildConfiguration;
			buildSettings = {
				ASSETCATALOG_COMPILER_APPICON_NAME = AppIcon;
				ASSETCATALOG_COMPILER_GLOBAL_ACCENT_COLOR_NAME = AccentColor;
				CODE_SIGN_ENTITLEMENTS = macOS/macOS.entitlements;
				CODE_SIGN_STYLE = Automatic;
				COMBINE_HIDPI_IMAGES = YES;
				ENABLE_PREVIEWS = YES;
				INFOPLIST_FILE = macOS/Info.plist;
				LD_RUNPATH_SEARCH_PATHS = (
					"$(inherited)",
					"@executable_path/../Frameworks",
				);
				MACOSX_DEPLOYMENT_TARGET = 11.0;
				PRODUCT_BUNDLE_IDENTIFIER = "com.3squared.PeakPivot-Example";
				PRODUCT_NAME = "PeakPivot Example";
				SDKROOT = macosx;
				SWIFT_VERSION = 5.0;
			};
			name = Debug;
		};
		F59A867425924A5700D65CAC /* Release */ = {
			isa = XCBuildConfiguration;
			buildSettings = {
				ASSETCATALOG_COMPILER_APPICON_NAME = AppIcon;
				ASSETCATALOG_COMPILER_GLOBAL_ACCENT_COLOR_NAME = AccentColor;
				CODE_SIGN_ENTITLEMENTS = macOS/macOS.entitlements;
				CODE_SIGN_STYLE = Automatic;
				COMBINE_HIDPI_IMAGES = YES;
				ENABLE_PREVIEWS = YES;
				INFOPLIST_FILE = macOS/Info.plist;
				LD_RUNPATH_SEARCH_PATHS = (
					"$(inherited)",
					"@executable_path/../Frameworks",
				);
				MACOSX_DEPLOYMENT_TARGET = 11.0;
				PRODUCT_BUNDLE_IDENTIFIER = "com.3squared.PeakPivot-Example";
				PRODUCT_NAME = "PeakPivot Example";
				SDKROOT = macosx;
				SWIFT_VERSION = 5.0;
			};
			name = Release;
		};
/* End XCBuildConfiguration section */

/* Begin XCConfigurationList section */
		F59A865225924A5600D65CAC /* Build configuration list for PBXProject "PeakPivot Example" */ = {
			isa = XCConfigurationList;
			buildConfigurations = (
				F59A866D25924A5700D65CAC /* Debug */,
				F59A866E25924A5700D65CAC /* Release */,
			);
			defaultConfigurationIsVisible = 0;
			defaultConfigurationName = Release;
		};
		F59A866F25924A5700D65CAC /* Build configuration list for PBXNativeTarget "PeakPivot Example (iOS)" */ = {
			isa = XCConfigurationList;
			buildConfigurations = (
				F59A867025924A5700D65CAC /* Debug */,
				F59A867125924A5700D65CAC /* Release */,
			);
			defaultConfigurationIsVisible = 0;
			defaultConfigurationName = Release;
		};
		F59A867225924A5700D65CAC /* Build configuration list for PBXNativeTarget "PeakPivot Example (macOS)" */ = {
			isa = XCConfigurationList;
			buildConfigurations = (
				F59A867325924A5700D65CAC /* Debug */,
				F59A867425924A5700D65CAC /* Release */,
			);
			defaultConfigurationIsVisible = 0;
			defaultConfigurationName = Release;
		};
/* End XCConfigurationList section */

/* Begin XCRemoteSwiftPackageReference section */
		F59987C225935E410041EC9D /* XCRemoteSwiftPackageReference "." */ = {
			isa = XCRemoteSwiftPackageReference;
			repositoryURL = ../;
			requirement = {
				branch = main;
				kind = branch;
			};
		};
		F59987D325935F0A0041EC9D /* XCRemoteSwiftPackageReference "SwiftCSV" */ = {
			isa = XCRemoteSwiftPackageReference;
			repositoryURL = "git@github.com:swiftcsv/SwiftCSV.git";
			requirement = {
				kind = upToNextMajorVersion;
				minimumVersion = 0.6.0;
			};
		};
/* End XCRemoteSwiftPackageReference section */

/* Begin XCSwiftPackageProductDependency section */
		F59987C325935E410041EC9D /* PeakPivot */ = {
			isa = XCSwiftPackageProductDependency;
			package = F59987C225935E410041EC9D /* XCRemoteSwiftPackageReference "." */;
			productName = PeakPivot;
		};
		F59987D425935F0A0041EC9D /* SwiftCSV */ = {
			isa = XCSwiftPackageProductDependency;
			package = F59987D325935F0A0041EC9D /* XCRemoteSwiftPackageReference "SwiftCSV" */;
			productName = SwiftCSV;
		};
/* End XCSwiftPackageProductDependency section */
	};
	rootObject = F59A864F25924A5600D65CAC /* Project object */;
}
